
Microsoft Visual Studio Solution File, Format Version 12.00
# Visual Studio Version 17
VisualStudioVersion = 17.7.34018.315
MinimumVisualStudioVersion = 10.0.40219.1
Project("{FAE04EC0-301F-11D3-BF4B-00C04F79EFBC}") = "WebApp3", "WebApp3\WebApp3.csproj", "{8B20AF87-AACA-4AE5-9737-1BC1FB610954}"
EndProject
Global
	GlobalSection(SolutionConfigurationPlatforms) = preSolution
		Debug|Any CPU = Debug|Any CPU
		Release|Any CPU = Release|Any CPU
	EndGlobalSection
	GlobalSection(ProjectConfigurationPlatforms) = postSolution
		{8B20AF87-AACA-4AE5-9737-1BC1FB610954}.Debug|Any CPU.ActiveCfg = Debug|Any CPU
		{8B20AF87-AACA-4AE5-9737-1BC1FB610954}.Debug|Any CPU.Build.0 = Debug|Any CPU
		{8B20AF87-AACA-4AE5-9737-1BC1FB610954}.Release|Any CPU.ActiveCfg = Release|Any CPU
		{8B20AF87-AACA-4AE5-9737-1BC1FB610954}.Release|Any CPU.Build.0 = Release|Any CPU
	EndGlobalSection
	GlobalSection(SolutionProperties) = preSolution
		HideSolutionNode = FALSE
	EndGlobalSection
	GlobalSection(ExtensibilityGlobals) = postSolution
		SolutionGuid = {C82AB46C-6A4A-4D02-8B4A-52205BDFE419}
	EndGlobalSection
EndGlobal
